
Microsoft Visual Studio Solution File, Format Version 12.00
# Visual Studio 14
VisualStudioVersion = 14.0.25420.1
MinimumVisualStudioVersion = 10.0.40219.1
Project("{FAE04EC0-301F-11D3-BF4B-00C04F79EFBC}") = "AspNetUserMaintenanceAzureSiteExtension", "AspNetUserMaintenanceAzureSiteExtension\AspNetUserMaintenanceAzureSiteExtension.csproj", "{379C704F-EBCA-48CD-92F1-AD252D86434A}"
EndProject
Global
	GlobalSection(SolutionConfigurationPlatforms) = preSolution
		Debug|Any CPU = Debug|Any CPU
		Release|Any CPU = Release|Any CPU
	EndGlobalSection
	GlobalSection(ProjectConfigurationPlatforms) = postSolution
		{379C704F-EBCA-48CD-92F1-AD252D86434A}.Debug|Any CPU.ActiveCfg = Debug|Any CPU
		{379C704F-EBCA-48CD-92F1-AD252D86434A}.Debug|Any CPU.Build.0 = Debug|Any CPU
		{379C704F-EBCA-48CD-92F1-AD252D86434A}.Release|Any CPU.ActiveCfg = Release|Any CPU
		{379C704F-EBCA-48CD-92F1-AD252D86434A}.Release|Any CPU.Build.0 = Release|Any CPU
	EndGlobalSection
	GlobalSection(SolutionProperties) = preSolution
		HideSolutionNode = FALSE
	EndGlobalSection
EndGlobal
